{
  "lockfileVersion": 1,
  "dependencies": {
    "@reactivex/rxjs": {
      "version": "5.4.1",
      "resolved": "https://registry.npmjs.org/@reactivex/rxjs/-/rxjs-5.4.1.tgz",
      "integrity": "sha1-5HLDjITrQRaQ8oElPTqTo0Zq0EE="
    },
    "symbol-observable": {
      "version": "1.0.4",
      "resolved": "https://registry.npmjs.org/symbol-observable/-/symbol-observable-1.0.4.tgz",
      "integrity": "sha1-Kb9hXUqnEhvdiYsi1LP5vE4qoD0="
    }
  }
}
